# This file is automatically @generated by Poetry 2.1.1 and should not be changed by hand.

[[package]]
name = "python-box"
version = "7.3.2"
description = "Advanced Python dictionaries with dot notation access"
optional = false
python-versions = ">=3.9"
groups = ["main"]
files = [
    {file = "python_box-7.3.2-cp310-cp310-macosx_10_9_universal2.whl", hash = "sha256:d136163294fd61a1554db7dd203f2e3035064798d30c17d67d948f0de5c572de"},
    {file = "python_box-7.3.2-cp310-cp310-manylinux_2_17_x86_64.manylinux2014_x86_64.whl", hash = "sha256:47d72e96547d8e2c2c333909826e9fae338d9a7e4cde07d5c6058cdd468432c0"},
    {file = "python_box-7.3.2-cp310-cp310-win_amd64.whl", hash = "sha256:3aa52e3b5cc50c80bb7ef4be3e41e81d095310f619454a7ffd61eef3209a6225"},
    {file = "python_box-7.3.2-cp311-cp311-macosx_10_9_universal2.whl", hash = "sha256:32163b1cb151883de0da62b0cd3572610dc72ccf0762f2447baf1d2562e25bea"},
    {file = "python_box-7.3.2-cp311-cp311-manylinux_2_17_x86_64.manylinux2014_x86_64.whl", hash = "sha256:064cb59b41e25aaf7dbd39efe53151a5f6797cc1cb3c68610f0f21a9d406d67e"},
    {file = "python_box-7.3.2-cp311-cp311-win_amd64.whl", hash = "sha256:488f0fba9a6416c3334b602366dcd92825adb0811e07e03753dfcf0ed79cd6f7"},
    {file = "python_box-7.3.2-cp312-cp312-macosx_10_13_universal2.whl", hash = "sha256:39009a2da5c20133718b24891a206592adbe09169856aedc450ad1600fc2e511"},
    {file = "python_box-7.3.2-cp312-cp312-manylinux_2_17_x86_64.manylinux2014_x86_64.whl", hash = "sha256:2e2a72e2f6fb97c7e472ff3272da207ecc615aa222e52e98352391428527c469"},
    {file = "python_box-7.3.2-cp312-cp312-win_amd64.whl", hash = "sha256:9eead914b9fb7d98a1473f5027dcfe27d26b3a10ffa33b9ba22cf948a23cd280"},
    {file = "python_box-7.3.2-cp313-cp313-macosx_10_13_universal2.whl", hash = "sha256:1dfc3b9b073f3d7cad1fa90de98eaaa684a494d0574bbc0666f74fa8307fd6b6"},
    {file = "python_box-7.3.2-cp313-cp313-manylinux_2_17_x86_64.manylinux2014_x86_64.whl", hash = "sha256:3ca4685a7f764b5a71b6e08535ce2a96b7964bb63d8cb4df10f6bb7147b6c54b"},
    {file = "python_box-7.3.2-cp313-cp313-win_amd64.whl", hash = "sha256:e143295f74d47a9ab24562ead2375c9be10629599b57f2e86717d3fff60f82a9"},
    {file = "python_box-7.3.2-cp39-cp39-macosx_10_9_universal2.whl", hash = "sha256:f3118ab3076b645c76133b8fac51deee30237cecdcafc3af664c4b9000f04db9"},
    {file = "python_box-7.3.2-cp39-cp39-manylinux_2_17_x86_64.manylinux2014_x86_64.whl", hash = "sha256:42a760074ba12ccc247796f43b6c61f686ada4b8349ab59e2a6303b27f3ae082"},
    {file = "python_box-7.3.2-cp39-cp39-win_amd64.whl", hash = "sha256:ea436e7ff5f87bd728472f1e31a9e6e95572c81028c44a8e00097e0968955638"},
    {file = "python_box-7.3.2-py3-none-any.whl", hash = "sha256:fd7d74d5a848623f93b5221fd9fb00b8c00ff0e130fa87f396277aa188659c92"},
    {file = "python_box-7.3.2.tar.gz", hash = "sha256:028b9917129e67f311932d93347b8a4f1b500d7a5a2870ee3c035f4e7b19403b"},
]

[package.extras]
all = ["msgpack", "ruamel.yaml (>=0.17)", "toml"]
msgpack = ["msgpack"]
pyyaml = ["PyYAML"]
ruamel-yaml = ["ruamel.yaml (>=0.17)"]
toml = ["toml"]
tomli = ["tomli ; python_version < \"3.11\"", "tomli-w"]
yaml = ["ruamel.yaml (>=0.17)"]

[metadata]
lock-version = "2.1"
python-versions = ">=3.13,<4.0"
content-hash = "ea651744aa81a6d0e2fabcb6ed16a12568b4beb33e5012888bdece2affff98bb"
